
Microsoft Visual Studio Solution File, Format Version 12.00
# Visual Studio Version 17
VisualStudioVersion = 17.4.33205.214
MinimumVisualStudioVersion = 10.0.40219.1
Project("{FAE04EC0-301F-11D3-BF4B-00C04F79EFBC}") = "PlexampRPC", "PlexampRPC.csproj", "{96AF5315-00D4-443E-B186-849A60E06058}"
EndProject
Global
	GlobalSection(SolutionConfigurationPlatforms) = preSolution
		Debug|Any CPU = Debug|Any CPU
		Release|Any CPU = Release|Any CPU
	EndGlobalSection
	GlobalSection(ProjectConfigurationPlatforms) = postSolution
		{96AF5315-00D4-443E-B186-849A60E06058}.Debug|Any CPU.ActiveCfg = Debug|Any CPU
		{96AF5315-00D4-443E-B186-849A60E06058}.Debug|Any CPU.Build.0 = Debug|Any CPU
		{96AF5315-00D4-443E-B186-849A60E06058}.Release|Any CPU.ActiveCfg = Release|Any CPU
		{96AF5315-00D4-443E-B186-849A60E06058}.Release|Any CPU.Build.0 = Release|Any CPU
	EndGlobalSection
	GlobalSection(SolutionProperties) = preSolution
		HideSolutionNode = FALSE
	EndGlobalSection
	GlobalSection(ExtensibilityGlobals) = postSolution
		SolutionGuid = {CE16AE96-C4A4-4F38-AFB6-422CC6FC666F}
	EndGlobalSection
EndGlobal
